
Microsoft Visual Studio Solution File, Format Version 12.00
# Visual Studio Version 16
VisualStudioVersion = 16.0.30413.136
MinimumVisualStudioVersion = 15.0.26124.0
Project("{2150E333-8FDC-42A3-9474-1A3956D46DE8}") = "Solution Items", "Solution Items", "{1CF454CA-F0A0-4F48-919E-B58CDF8F94F5}"
	ProjectSection(SolutionItems) = preProject
		.editorconfig = .editorconfig
	EndProjectSection
EndProject
Project("{2150E333-8FDC-42A3-9474-1A3956D46DE8}") = "src", "src", "{2A0DF886-D8D5-4A99-9059-FB69E69C05EF}"
EndProject
Project("{2150E333-8FDC-42A3-9474-1A3956D46DE8}") = "MicroServices", "MicroServices", "{0E8888FB-7323-4F1A-B14F-7DFB80C9C3DD}"
EndProject
Project("{2150E333-8FDC-42A3-9474-1A3956D46DE8}") = "IdentityServer", "IdentityServer", "{B5EB6049-34AB-4BFA-93D8-C22AB67BCAF7}"
EndProject
Project("{2150E333-8FDC-42A3-9474-1A3956D46DE8}") = "Blog", "Blog", "{03292F78-3F2F-4DD0-9E20-C974C6C791C6}"
EndProject
Project("{2150E333-8FDC-42A3-9474-1A3956D46DE8}") = "Logger", "Logger", "{C996D48A-9D85-4E37-9202-2D3443C09993}"
EndProject
Project("{2150E333-8FDC-42A3-9474-1A3956D46DE8}") = "Gateway", "Gateway", "{40CA4874-DBCC-4391-8C00-43F8543B9968}"
EndProject
Project("{9A19103F-16F7-4668-BE54-9A1E7A4F7556}") = "STS.Infrastructure", "src\MicroServices\IdentityServer\Infrastructure\STS.Infrastructure.csproj", "{C16FD9BC-7E90-41CD-B380-8B6E7CB2525E}"
EndProject
Project("{2150E333-8FDC-42A3-9474-1A3956D46DE8}") = "Core", "Core", "{875E8852-7911-4D99-9B62-9C9A55E6AA7C}"
EndProject
Project("{9A19103F-16F7-4668-BE54-9A1E7A4F7556}") = "STS.Application", "src\MicroServices\IdentityServer\Core\Application\STS.Application.csproj", "{0ED15E32-24E5-433F-9762-D3BD0F7C5B0A}"
EndProject
Project("{9A19103F-16F7-4668-BE54-9A1E7A4F7556}") = "STS.Common", "src\MicroServices\IdentityServer\Core\Common\STS.Common.csproj", "{9252BD07-F5EA-4F3B-BBBA-FC5BC347BD87}"
EndProject
Project("{9A19103F-16F7-4668-BE54-9A1E7A4F7556}") = "STS.Domain", "src\MicroServices\IdentityServer\Core\Domain\STS.Domain.csproj", "{28158E06-16C4-49C0-BE6E-4A306F56A357}"
EndProject
Project("{2150E333-8FDC-42A3-9474-1A3956D46DE8}") = "Presentation", "Presentation", "{A4170215-6C90-4627-BC1D-AE5A536F4F0D}"
EndProject
Project("{9A19103F-16F7-4668-BE54-9A1E7A4F7556}") = "STS.Web", "src\MicroServices\IdentityServer\Presentation\STS.Web.Api\STS.Web.csproj", "{AB146D90-A122-461D-9E30-73AB76C8C837}"
EndProject
Project("{2150E333-8FDC-42A3-9474-1A3956D46DE8}") = "Presentation", "Presentation", "{729B09D5-62FE-4F8E-965E-1DC6AF421A4A}"
EndProject
Project("{9A19103F-16F7-4668-BE54-9A1E7A4F7556}") = "Gateway.Web.Api", "src\Gateway\Presentation\Web\Gateway.Web.Api.csproj", "{CD92194D-C168-4004-8FF4-AF2AFDE9BAFC}"
EndProject
Project("{2150E333-8FDC-42A3-9474-1A3956D46DE8}") = "Core", "Core", "{C7A7F4BB-F46F-4578-8462-3879481F582C}"
EndProject
Project("{2150E333-8FDC-42A3-9474-1A3956D46DE8}") = "Presentation", "Presentation", "{E84094A1-E083-48B0-8B9E-0FC61A3FF492}"
EndProject
Project("{9A19103F-16F7-4668-BE54-9A1E7A4F7556}") = "BlogModule.Application", "src\MicroServices\Blog\Core\BlogModule.Application\BlogModule.Application.csproj", "{47FDF7C9-E87B-43FF-938E-1C34EC34C678}"
EndProject
Project("{9A19103F-16F7-4668-BE54-9A1E7A4F7556}") = "BlogModule.Domain", "src\MicroServices\Blog\Core\BlogModule.Domain\BlogModule.Domain.csproj", "{D72DE2E8-0DD2-4792-91D1-18F6080C6AFF}"
EndProject
Project("{9A19103F-16F7-4668-BE54-9A1E7A4F7556}") = "BlogModule.Infrastructure", "src\MicroServices\Blog\Core\BlogModule.Infrastructure\BlogModule.Infrastructure.csproj", "{7507AE66-54E6-4A55-832A-4A07D8687684}"
EndProject
Project("{9A19103F-16F7-4668-BE54-9A1E7A4F7556}") = "BlogModule.Infrastructure.Shared", "src\MicroServices\Blog\Core\BlogModule.Infrastructure.Shared\BlogModule.Infrastructure.Shared.csproj", "{9B7E1CD2-D456-46B0-A0A1-2DF452F6F5D6}"
EndProject
Project("{9A19103F-16F7-4668-BE54-9A1E7A4F7556}") = "Blog.Localization.Infrastructure", "src\MicroServices\Blog\Core\Blog.Localization.Infrastructure\Blog.Localization.Infrastructure.csproj", "{1BA66CC8-F548-4D90-ABBF-537D8A8FA5CE}"
EndProject
Project("{9A19103F-16F7-4668-BE54-9A1E7A4F7556}") = "Blog.Common", "src\MicroServices\Blog\Core\Blog.Common\Blog.Common.csproj", "{E01BA897-4C39-4F45-858B-A4BCF06C1AAF}"
EndProject
Project("{9A19103F-16F7-4668-BE54-9A1E7A4F7556}") = "Blog.Api", "src\MicroServices\Blog\Presentation\Blog.Web.Api\Blog.Api.csproj", "{A0F60AA3-A51A-4DF4-AA72-F4790A6C60AD}"
EndProject
Project("{2150E333-8FDC-42A3-9474-1A3956D46DE8}") = "Core", "Core", "{DDB63D61-EC3A-4A5C-9087-96269DF06FCA}"
EndProject
Project("{2150E333-8FDC-42A3-9474-1A3956D46DE8}") = "Presentation", "Presentation", "{E5613524-6E99-454D-97E9-1947BE6CFD4E}"
EndProject
Project("{9A19103F-16F7-4668-BE54-9A1E7A4F7556}") = "LogModule.Application", "src\MicroServices\Logger\Core\LogModule.Application\LogModule.Application.csproj", "{FABB8FCB-B94F-47AB-A80A-36DEB07EBF04}"
EndProject
Project("{9A19103F-16F7-4668-BE54-9A1E7A4F7556}") = "LogModule.Domain", "src\MicroServices\Logger\Core\LogModule.Domain\LogModule.Domain.csproj", "{EC1DA6B5-6EA5-4545-9748-95DD49B7449A}"
EndProject
Project("{9A19103F-16F7-4668-BE54-9A1E7A4F7556}") = "LogModule.Infrastructure", "src\MicroServices\Logger\Core\LogModule.Infrastructure\LogModule.Infrastructure.csproj", "{3594C63D-05B5-4826-A8A1-A89ABC0F4529}"
EndProject
Project("{9A19103F-16F7-4668-BE54-9A1E7A4F7556}") = "Logger.API", "src\MicroServices\Logger\Presentation\Logger.Microservice\Logger.API.csproj", "{3E64DCF7-E31D-46EB-8175-52618C0FE828}"
EndProject
Project("{2150E333-8FDC-42A3-9474-1A3956D46DE8}") = "Storage", "Storage", "{967B4742-6091-453C-A26C-20041AF74568}"
EndProject
Project("{2150E333-8FDC-42A3-9474-1A3956D46DE8}") = "Presentation", "Presentation", "{4A7B246F-16F3-4F76-A580-745180A40F7A}"
EndProject
Project("{2150E333-8FDC-42A3-9474-1A3956D46DE8}") = "Core", "Core", "{F27F454E-B4F3-4889-B097-06AB6FE04CD8}"
EndProject
Project("{9A19103F-16F7-4668-BE54-9A1E7A4F7556}") = "StorageManagement.Api", "src\MicroServices\StorageManagment\Presentation\StorageManagment.Api\StorageManagement.Api.csproj", "{E41819B3-C55E-4CFC-901A-8B48CFE4F3F8}"
EndProject
Project("{9A19103F-16F7-4668-BE54-9A1E7A4F7556}") = "StorageManagement.Application", "src\MicroServices\StorageManagment\Core\StorageManagement.Application\StorageManagement.Application.csproj", "{69CAEDF8-A029-43D0-9FC0-877A086C7F35}"
EndProject
Project("{9A19103F-16F7-4668-BE54-9A1E7A4F7556}") = "StorageManagement.Domain", "src\MicroServices\StorageManagment\Core\StorageManagement.Domain\StorageManagement.Domain.csproj", "{122226E4-B85C-46A3-9485-103A2107220F}"
EndProject
Project("{9A19103F-16F7-4668-BE54-9A1E7A4F7556}") = "StorageManagement.Infrastraucture", "src\MicroServices\StorageManagment\Core\StorageManagement.Infrastraucture\StorageManagement.Infrastraucture.csproj", "{C6E241F1-287D-4F58-94B7-A631F7706343}"
EndProject
Project("{9A19103F-16F7-4668-BE54-9A1E7A4F7556}") = "StorageManagement.Infrastructure.Shared", "src\MicroServices\StorageManagment\Core\StorageManagement.Infrastructure.Shared\StorageManagement.Infrastructure.Shared.csproj", "{CC204E04-1E0D-49DA-AC46-5B1BEA05881B}"
EndProject
Global
	GlobalSection(SolutionConfigurationPlatforms) = preSolution
		Debug|Any CPU = Debug|Any CPU
		Release|Any CPU = Release|Any CPU
	EndGlobalSection
	GlobalSection(ProjectConfigurationPlatforms) = postSolution
		{C16FD9BC-7E90-41CD-B380-8B6E7CB2525E}.Debug|Any CPU.ActiveCfg = Debug|Any CPU
		{C16FD9BC-7E90-41CD-B380-8B6E7CB2525E}.Debug|Any CPU.Build.0 = Debug|Any CPU
		{C16FD9BC-7E90-41CD-B380-8B6E7CB2525E}.Release|Any CPU.ActiveCfg = Release|Any CPU
		{C16FD9BC-7E90-41CD-B380-8B6E7CB2525E}.Release|Any CPU.Build.0 = Release|Any CPU
		{0ED15E32-24E5-433F-9762-D3BD0F7C5B0A}.Debug|Any CPU.ActiveCfg = Debug|Any CPU
		{0ED15E32-24E5-433F-9762-D3BD0F7C5B0A}.Debug|Any CPU.Build.0 = Debug|Any CPU
		{0ED15E32-24E5-433F-9762-D3BD0F7C5B0A}.Release|Any CPU.ActiveCfg = Release|Any CPU
		{0ED15E32-24E5-433F-9762-D3BD0F7C5B0A}.Release|Any CPU.Build.0 = Release|Any CPU
		{9252BD07-F5EA-4F3B-BBBA-FC5BC347BD87}.Debug|Any CPU.ActiveCfg = Debug|Any CPU
		{9252BD07-F5EA-4F3B-BBBA-FC5BC347BD87}.Debug|Any CPU.Build.0 = Debug|Any CPU
		{9252BD07-F5EA-4F3B-BBBA-FC5BC347BD87}.Release|Any CPU.ActiveCfg = Release|Any CPU
		{9252BD07-F5EA-4F3B-BBBA-FC5BC347BD87}.Release|Any CPU.Build.0 = Release|Any CPU
		{28158E06-16C4-49C0-BE6E-4A306F56A357}.Debug|Any CPU.ActiveCfg = Debug|Any CPU
		{28158E06-16C4-49C0-BE6E-4A306F56A357}.Debug|Any CPU.Build.0 = Debug|Any CPU
		{28158E06-16C4-49C0-BE6E-4A306F56A357}.Release|Any CPU.ActiveCfg = Release|Any CPU
		{28158E06-16C4-49C0-BE6E-4A306F56A357}.Release|Any CPU.Build.0 = Release|Any CPU
		{AB146D90-A122-461D-9E30-73AB76C8C837}.Debug|Any CPU.ActiveCfg = Debug|Any CPU
		{AB146D90-A122-461D-9E30-73AB76C8C837}.Debug|Any CPU.Build.0 = Debug|Any CPU
		{AB146D90-A122-461D-9E30-73AB76C8C837}.Release|Any CPU.ActiveCfg = Release|Any CPU
		{AB146D90-A122-461D-9E30-73AB76C8C837}.Release|Any CPU.Build.0 = Release|Any CPU
		{CD92194D-C168-4004-8FF4-AF2AFDE9BAFC}.Debug|Any CPU.ActiveCfg = Debug|Any CPU
		{CD92194D-C168-4004-8FF4-AF2AFDE9BAFC}.Debug|Any CPU.Build.0 = Debug|Any CPU
		{CD92194D-C168-4004-8FF4-AF2AFDE9BAFC}.Release|Any CPU.ActiveCfg = Release|Any CPU
		{CD92194D-C168-4004-8FF4-AF2AFDE9BAFC}.Release|Any CPU.Build.0 = Release|Any CPU
		{47FDF7C9-E87B-43FF-938E-1C34EC34C678}.Debug|Any CPU.ActiveCfg = Debug|Any CPU
		{47FDF7C9-E87B-43FF-938E-1C34EC34C678}.Debug|Any CPU.Build.0 = Debug|Any CPU
		{47FDF7C9-E87B-43FF-938E-1C34EC34C678}.Release|Any CPU.ActiveCfg = Release|Any CPU
		{47FDF7C9-E87B-43FF-938E-1C34EC34C678}.Release|Any CPU.Build.0 = Release|Any CPU
		{D72DE2E8-0DD2-4792-91D1-18F6080C6AFF}.Debug|Any CPU.ActiveCfg = Debug|Any CPU
		{D72DE2E8-0DD2-4792-91D1-18F6080C6AFF}.Debug|Any CPU.Build.0 = Debug|Any CPU
		{D72DE2E8-0DD2-4792-91D1-18F6080C6AFF}.Release|Any CPU.ActiveCfg = Release|Any CPU
		{D72DE2E8-0DD2-4792-91D1-18F6080C6AFF}.Release|Any CPU.Build.0 = Release|Any CPU
		{7507AE66-54E6-4A55-832A-4A07D8687684}.Debug|Any CPU.ActiveCfg = Debug|Any CPU
		{7507AE66-54E6-4A55-832A-4A07D8687684}.Debug|Any CPU.Build.0 = Debug|Any CPU
		{7507AE66-54E6-4A55-832A-4A07D8687684}.Release|Any CPU.ActiveCfg = Release|Any CPU
		{7507AE66-54E6-4A55-832A-4A07D8687684}.Release|Any CPU.Build.0 = Release|Any CPU
		{9B7E1CD2-D456-46B0-A0A1-2DF452F6F5D6}.Debug|Any CPU.ActiveCfg = Debug|Any CPU
		{9B7E1CD2-D456-46B0-A0A1-2DF452F6F5D6}.Debug|Any CPU.Build.0 = Debug|Any CPU
		{9B7E1CD2-D456-46B0-A0A1-2DF452F6F5D6}.Release|Any CPU.ActiveCfg = Release|Any CPU
		{9B7E1CD2-D456-46B0-A0A1-2DF452F6F5D6}.Release|Any CPU.Build.0 = Release|Any CPU
		{1BA66CC8-F548-4D90-ABBF-537D8A8FA5CE}.Debug|Any CPU.ActiveCfg = Debug|Any CPU
		{1BA66CC8-F548-4D90-ABBF-537D8A8FA5CE}.Debug|Any CPU.Build.0 = Debug|Any CPU
		{1BA66CC8-F548-4D90-ABBF-537D8A8FA5CE}.Release|Any CPU.ActiveCfg = Release|Any CPU
		{1BA66CC8-F548-4D90-ABBF-537D8A8FA5CE}.Release|Any CPU.Build.0 = Release|Any CPU
		{E01BA897-4C39-4F45-858B-A4BCF06C1AAF}.Debug|Any CPU.ActiveCfg = Debug|Any CPU
		{E01BA897-4C39-4F45-858B-A4BCF06C1AAF}.Debug|Any CPU.Build.0 = Debug|Any CPU
		{E01BA897-4C39-4F45-858B-A4BCF06C1AAF}.Release|Any CPU.ActiveCfg = Release|Any CPU
		{E01BA897-4C39-4F45-858B-A4BCF06C1AAF}.Release|Any CPU.Build.0 = Release|Any CPU
		{A0F60AA3-A51A-4DF4-AA72-F4790A6C60AD}.Debug|Any CPU.ActiveCfg = Debug|Any CPU
		{A0F60AA3-A51A-4DF4-AA72-F4790A6C60AD}.Debug|Any CPU.Build.0 = Debug|Any CPU
		{A0F60AA3-A51A-4DF4-AA72-F4790A6C60AD}.Release|Any CPU.ActiveCfg = Release|Any CPU
		{A0F60AA3-A51A-4DF4-AA72-F4790A6C60AD}.Release|Any CPU.Build.0 = Release|Any CPU
		{FABB8FCB-B94F-47AB-A80A-36DEB07EBF04}.Debug|Any CPU.ActiveCfg = Debug|Any CPU
		{FABB8FCB-B94F-47AB-A80A-36DEB07EBF04}.Debug|Any CPU.Build.0 = Debug|Any CPU
		{FABB8FCB-B94F-47AB-A80A-36DEB07EBF04}.Release|Any CPU.ActiveCfg = Release|Any CPU
		{FABB8FCB-B94F-47AB-A80A-36DEB07EBF04}.Release|Any CPU.Build.0 = Release|Any CPU
		{EC1DA6B5-6EA5-4545-9748-95DD49B7449A}.Debug|Any CPU.ActiveCfg = Debug|Any CPU
		{EC1DA6B5-6EA5-4545-9748-95DD49B7449A}.Debug|Any CPU.Build.0 = Debug|Any CPU
		{EC1DA6B5-6EA5-4545-9748-95DD49B7449A}.Release|Any CPU.ActiveCfg = Release|Any CPU
		{EC1DA6B5-6EA5-4545-9748-95DD49B7449A}.Release|Any CPU.Build.0 = Release|Any CPU
		{3594C63D-05B5-4826-A8A1-A89ABC0F4529}.Debug|Any CPU.ActiveCfg = Debug|Any CPU
		{3594C63D-05B5-4826-A8A1-A89ABC0F4529}.Debug|Any CPU.Build.0 = Debug|Any CPU
		{3594C63D-05B5-4826-A8A1-A89ABC0F4529}.Release|Any CPU.ActiveCfg = Release|Any CPU
		{3594C63D-05B5-4826-A8A1-A89ABC0F4529}.Release|Any CPU.Build.0 = Release|Any CPU
		{3E64DCF7-E31D-46EB-8175-52618C0FE828}.Debug|Any CPU.ActiveCfg = Debug|Any CPU
		{3E64DCF7-E31D-46EB-8175-52618C0FE828}.Debug|Any CPU.Build.0 = Debug|Any CPU
		{3E64DCF7-E31D-46EB-8175-52618C0FE828}.Release|Any CPU.ActiveCfg = Release|Any CPU
		{3E64DCF7-E31D-46EB-8175-52618C0FE828}.Release|Any CPU.Build.0 = Release|Any CPU
		{E41819B3-C55E-4CFC-901A-8B48CFE4F3F8}.Debug|Any CPU.ActiveCfg = Debug|Any CPU
		{E41819B3-C55E-4CFC-901A-8B48CFE4F3F8}.Debug|Any CPU.Build.0 = Debug|Any CPU
		{E41819B3-C55E-4CFC-901A-8B48CFE4F3F8}.Release|Any CPU.ActiveCfg = Release|Any CPU
		{E41819B3-C55E-4CFC-901A-8B48CFE4F3F8}.Release|Any CPU.Build.0 = Release|Any CPU
		{69CAEDF8-A029-43D0-9FC0-877A086C7F35}.Debug|Any CPU.ActiveCfg = Debug|Any CPU
		{69CAEDF8-A029-43D0-9FC0-877A086C7F35}.Debug|Any CPU.Build.0 = Debug|Any CPU
		{69CAEDF8-A029-43D0-9FC0-877A086C7F35}.Release|Any CPU.ActiveCfg = Release|Any CPU
		{69CAEDF8-A029-43D0-9FC0-877A086C7F35}.Release|Any CPU.Build.0 = Release|Any CPU
		{122226E4-B85C-46A3-9485-103A2107220F}.Debug|Any CPU.ActiveCfg = Debug|Any CPU
		{122226E4-B85C-46A3-9485-103A2107220F}.Debug|Any CPU.Build.0 = Debug|Any CPU
		{122226E4-B85C-46A3-9485-103A2107220F}.Release|Any CPU.ActiveCfg = Release|Any CPU
		{122226E4-B85C-46A3-9485-103A2107220F}.Release|Any CPU.Build.0 = Release|Any CPU
		{C6E241F1-287D-4F58-94B7-A631F7706343}.Debug|Any CPU.ActiveCfg = Debug|Any CPU
		{C6E241F1-287D-4F58-94B7-A631F7706343}.Debug|Any CPU.Build.0 = Debug|Any CPU
		{C6E241F1-287D-4F58-94B7-A631F7706343}.Release|Any CPU.ActiveCfg = Release|Any CPU
		{C6E241F1-287D-4F58-94B7-A631F7706343}.Release|Any CPU.Build.0 = Release|Any CPU
		{CC204E04-1E0D-49DA-AC46-5B1BEA05881B}.Debug|Any CPU.ActiveCfg = Debug|Any CPU
		{CC204E04-1E0D-49DA-AC46-5B1BEA05881B}.Debug|Any CPU.Build.0 = Debug|Any CPU
		{CC204E04-1E0D-49DA-AC46-5B1BEA05881B}.Release|Any CPU.ActiveCfg = Release|Any CPU
		{CC204E04-1E0D-49DA-AC46-5B1BEA05881B}.Release|Any CPU.Build.0 = Release|Any CPU
	EndGlobalSection
	GlobalSection(SolutionProperties) = preSolution
		HideSolutionNode = FALSE
	EndGlobalSection
	GlobalSection(NestedProjects) = preSolution
		{0E8888FB-7323-4F1A-B14F-7DFB80C9C3DD} = {2A0DF886-D8D5-4A99-9059-FB69E69C05EF}
		{B5EB6049-34AB-4BFA-93D8-C22AB67BCAF7} = {0E8888FB-7323-4F1A-B14F-7DFB80C9C3DD}
		{03292F78-3F2F-4DD0-9E20-C974C6C791C6} = {0E8888FB-7323-4F1A-B14F-7DFB80C9C3DD}
		{C996D48A-9D85-4E37-9202-2D3443C09993} = {0E8888FB-7323-4F1A-B14F-7DFB80C9C3DD}
		{40CA4874-DBCC-4391-8C00-43F8543B9968} = {2A0DF886-D8D5-4A99-9059-FB69E69C05EF}
		{C16FD9BC-7E90-41CD-B380-8B6E7CB2525E} = {875E8852-7911-4D99-9B62-9C9A55E6AA7C}
		{875E8852-7911-4D99-9B62-9C9A55E6AA7C} = {B5EB6049-34AB-4BFA-93D8-C22AB67BCAF7}
		{0ED15E32-24E5-433F-9762-D3BD0F7C5B0A} = {875E8852-7911-4D99-9B62-9C9A55E6AA7C}
		{9252BD07-F5EA-4F3B-BBBA-FC5BC347BD87} = {875E8852-7911-4D99-9B62-9C9A55E6AA7C}
		{28158E06-16C4-49C0-BE6E-4A306F56A357} = {875E8852-7911-4D99-9B62-9C9A55E6AA7C}
		{A4170215-6C90-4627-BC1D-AE5A536F4F0D} = {B5EB6049-34AB-4BFA-93D8-C22AB67BCAF7}
		{AB146D90-A122-461D-9E30-73AB76C8C837} = {A4170215-6C90-4627-BC1D-AE5A536F4F0D}
		{729B09D5-62FE-4F8E-965E-1DC6AF421A4A} = {40CA4874-DBCC-4391-8C00-43F8543B9968}
		{CD92194D-C168-4004-8FF4-AF2AFDE9BAFC} = {729B09D5-62FE-4F8E-965E-1DC6AF421A4A}
		{C7A7F4BB-F46F-4578-8462-3879481F582C} = {03292F78-3F2F-4DD0-9E20-C974C6C791C6}
		{E84094A1-E083-48B0-8B9E-0FC61A3FF492} = {03292F78-3F2F-4DD0-9E20-C974C6C791C6}
		{47FDF7C9-E87B-43FF-938E-1C34EC34C678} = {C7A7F4BB-F46F-4578-8462-3879481F582C}
		{D72DE2E8-0DD2-4792-91D1-18F6080C6AFF} = {C7A7F4BB-F46F-4578-8462-3879481F582C}
		{7507AE66-54E6-4A55-832A-4A07D8687684} = {C7A7F4BB-F46F-4578-8462-3879481F582C}
		{9B7E1CD2-D456-46B0-A0A1-2DF452F6F5D6} = {C7A7F4BB-F46F-4578-8462-3879481F582C}
		{1BA66CC8-F548-4D90-ABBF-537D8A8FA5CE} = {C7A7F4BB-F46F-4578-8462-3879481F582C}
		{E01BA897-4C39-4F45-858B-A4BCF06C1AAF} = {C7A7F4BB-F46F-4578-8462-3879481F582C}
		{A0F60AA3-A51A-4DF4-AA72-F4790A6C60AD} = {E84094A1-E083-48B0-8B9E-0FC61A3FF492}
		{DDB63D61-EC3A-4A5C-9087-96269DF06FCA} = {C996D48A-9D85-4E37-9202-2D3443C09993}
		{E5613524-6E99-454D-97E9-1947BE6CFD4E} = {C996D48A-9D85-4E37-9202-2D3443C09993}
		{FABB8FCB-B94F-47AB-A80A-36DEB07EBF04} = {DDB63D61-EC3A-4A5C-9087-96269DF06FCA}
		{EC1DA6B5-6EA5-4545-9748-95DD49B7449A} = {DDB63D61-EC3A-4A5C-9087-96269DF06FCA}
		{3594C63D-05B5-4826-A8A1-A89ABC0F4529} = {DDB63D61-EC3A-4A5C-9087-96269DF06FCA}
		{3E64DCF7-E31D-46EB-8175-52618C0FE828} = {E5613524-6E99-454D-97E9-1947BE6CFD4E}
		{967B4742-6091-453C-A26C-20041AF74568} = {0E8888FB-7323-4F1A-B14F-7DFB80C9C3DD}
		{4A7B246F-16F3-4F76-A580-745180A40F7A} = {967B4742-6091-453C-A26C-20041AF74568}
		{F27F454E-B4F3-4889-B097-06AB6FE04CD8} = {967B4742-6091-453C-A26C-20041AF74568}
		{E41819B3-C55E-4CFC-901A-8B48CFE4F3F8} = {4A7B246F-16F3-4F76-A580-745180A40F7A}
		{69CAEDF8-A029-43D0-9FC0-877A086C7F35} = {F27F454E-B4F3-4889-B097-06AB6FE04CD8}
		{122226E4-B85C-46A3-9485-103A2107220F} = {F27F454E-B4F3-4889-B097-06AB6FE04CD8}
		{C6E241F1-287D-4F58-94B7-A631F7706343} = {F27F454E-B4F3-4889-B097-06AB6FE04CD8}
		{CC204E04-1E0D-49DA-AC46-5B1BEA05881B} = {F27F454E-B4F3-4889-B097-06AB6FE04CD8}
	EndGlobalSection
	GlobalSection(ExtensibilityGlobals) = postSolution
		SolutionGuid = {1F90090F-1BD2-4BC7-A72A-FFDC0C01E8F5}
	EndGlobalSection
EndGlobal
