
Microsoft Visual Studio Solution File, Format Version 12.00
# Visual Studio Version 16
VisualStudioVersion = 16.0.30413.136
MinimumVisualStudioVersion = 15.0.26124.0
Project("{2150E333-8FDC-42A3-9474-1A3956D46DE8}") = "Solution Items", "Solution Items", "{1CF454CA-F0A0-4F48-919E-B58CDF8F94F5}"
	ProjectSection(SolutionItems) = preProject
		.editorconfig = .editorconfig
	EndProjectSection
EndProject
Project("{2150E333-8FDC-42A3-9474-1A3956D46DE8}") = "src", "src", "{2A0DF886-D8D5-4A99-9059-FB69E69C05EF}"
EndProject
Project("{2150E333-8FDC-42A3-9474-1A3956D46DE8}") = "Modules", "Modules", "{A03F9D3F-02C5-4B42-B926-8E5E6280BC89}"
EndProject
Project("{2150E333-8FDC-42A3-9474-1A3956D46DE8}") = "Blog", "Blog", "{FE9B1C15-9AE7-48D9-AEDA-9C782E2BF624}"
EndProject
Project("{2150E333-8FDC-42A3-9474-1A3956D46DE8}") = "Accounting", "Accounting", "{BC84EE79-F3C3-4FE4-9E0C-5234085818AA}"
EndProject
Project("{2150E333-8FDC-42A3-9474-1A3956D46DE8}") = "Logging", "Logging", "{50318FB5-DC9F-419A-99C6-AEC9678915B1}"
EndProject
Project("{2150E333-8FDC-42A3-9474-1A3956D46DE8}") = "Api", "Api", "{DE3ECD33-1141-41BF-859D-B65B1E082AEC}"
EndProject
Project("{2150E333-8FDC-42A3-9474-1A3956D46DE8}") = "WebApi", "WebApi", "{A4E71FF1-A10E-4E4D-B022-0D25D7B7DFAE}"
EndProject
Project("{9A19103F-16F7-4668-BE54-9A1E7A4F7556}") = "SaeedrezayiWebsite.Api.WebApi", "src\Api\SaeedrezayiWebsite.Api\SaeedrezayiWebsite.Api.WebApi\SaeedrezayiWebsite.Api.WebApi.csproj", "{1627CC6D-D846-4A89-B157-34AB93DEAA59}"
EndProject
Project("{2150E333-8FDC-42A3-9474-1A3956D46DE8}") = "Core", "Core", "{C04CB98A-C092-469E-BD8A-1E6CE73D4C9E}"
EndProject
Project("{9A19103F-16F7-4668-BE54-9A1E7A4F7556}") = "SaeedrezayiWebsite.Api.Application", "src\Api\SaeedrezayiWebsite.Api\SaeedrezayiWebsite.Api.Application\SaeedrezayiWebsite.Api.Application.csproj", "{6E6B581C-1211-49AE-9C9F-4E7A3236B5F5}"
EndProject
Project("{9A19103F-16F7-4668-BE54-9A1E7A4F7556}") = "SaeedrezayiWebsite.Api.Domain", "src\Api\SaeedrezayiWebsite.Api\SaeedrezayiWebsite.Api.Domain\SaeedrezayiWebsite.Api.Domain.csproj", "{8958504E-247C-4CFF-A999-47BECCCB3975}"
EndProject
Project("{2150E333-8FDC-42A3-9474-1A3956D46DE8}") = "Infrastructure", "Infrastructure", "{9AB1F95C-EC29-4B1A-A9EF-98B005D58EFD}"
EndProject
Project("{9A19103F-16F7-4668-BE54-9A1E7A4F7556}") = "SaeedrezayiWebsite.Api.Infrastructure.Identity", "src\Api\SaeedrezayiWebsite.Api\SaeedrezayiWebsite.Api.Infrastructure.Identity\SaeedrezayiWebsite.Api.Infrastructure.Identity.csproj", "{7227FC87-CF7D-4145-B56A-D703C59C3BA6}"
EndProject
Project("{9A19103F-16F7-4668-BE54-9A1E7A4F7556}") = "SaeedrezayiWebsite.Api.Infrastructure.Persistence", "src\Api\SaeedrezayiWebsite.Api\SaeedrezayiWebsite.Api.Infrastructure.Persistence\SaeedrezayiWebsite.Api.Infrastructure.Persistence.csproj", "{6F43385E-3F78-473D-9ECF-33DEAED2112A}"
EndProject
Project("{9A19103F-16F7-4668-BE54-9A1E7A4F7556}") = "SaeedrezayiWebsite.Api.Infrastructure.Shared", "src\Api\SaeedrezayiWebsite.Api\SaeedrezayiWebsite.Api.Infrastructure.Shared\SaeedrezayiWebsite.Api.Infrastructure.Shared.csproj", "{3D9A440A-9AC0-46A6-8AA7-73924B0F9010}"
EndProject
Project("{9A19103F-16F7-4668-BE54-9A1E7A4F7556}") = "LogModule.Application", "..\..\Projects\LoggingModule\src\LogModule.Application\LogModule.Application.csproj", "{4BA50726-CB0B-4AB8-88AD-749BD090872D}"
EndProject
Project("{9A19103F-16F7-4668-BE54-9A1E7A4F7556}") = "LogModule.Domain", "..\..\Projects\LoggingModule\src\LogModule.Domain\LogModule.Domain.csproj", "{98C804B3-3939-46FD-BDBA-A11FDCD28853}"
EndProject
Project("{9A19103F-16F7-4668-BE54-9A1E7A4F7556}") = "LogModule.Infrastructure", "..\..\Projects\LoggingModule\src\LogModule.Infrastructure\LogModule.Infrastructure.csproj", "{49C79F08-17F3-4F1C-9C4A-C34CF70CA825}"
EndProject
Project("{9A19103F-16F7-4668-BE54-9A1E7A4F7556}") = "BlogModule.Application", "..\..\Projects\BlogModule\BlogModule.Application\BlogModule.Application.csproj", "{3B913B4F-7A61-42A6-9C04-577A2CDABF07}"
EndProject
Project("{9A19103F-16F7-4668-BE54-9A1E7A4F7556}") = "BlogModule.Domain", "..\..\Projects\BlogModule\BlogModule.Domain\BlogModule.Domain.csproj", "{DE7E8346-C0DD-4529-A87B-2080FF06238B}"
EndProject
Project("{9A19103F-16F7-4668-BE54-9A1E7A4F7556}") = "BlogModule.Infrastructure", "..\..\Projects\BlogModule\BlogModule.Infrastructure\BlogModule.Infrastructure.csproj", "{B86DA1B5-B657-4947-BFD1-2B6D037E394C}"
EndProject
Project("{9A19103F-16F7-4668-BE54-9A1E7A4F7556}") = "BlogModule.Infrastructure.Shared", "..\..\Projects\BlogModule\BlogModule.Infrastructure.Shared\BlogModule.Infrastructure.Shared.csproj", "{27D41621-AE76-4480-B4FA-ADA2D7A9F534}"
EndProject
Project("{9A19103F-16F7-4668-BE54-9A1E7A4F7556}") = "BlogModule.Web.Api", "..\..\Projects\BlogModule\BlogModule.Web.Api\BlogModule.Web.Api.csproj", "{D35AC880-2F19-4252-B130-D6675C76DAEB}"
EndProject
Global
	GlobalSection(SolutionConfigurationPlatforms) = preSolution
		Debug|Any CPU = Debug|Any CPU
		Release|Any CPU = Release|Any CPU
	EndGlobalSection
	GlobalSection(ProjectConfigurationPlatforms) = postSolution
		{1627CC6D-D846-4A89-B157-34AB93DEAA59}.Debug|Any CPU.ActiveCfg = Debug|Any CPU
		{1627CC6D-D846-4A89-B157-34AB93DEAA59}.Debug|Any CPU.Build.0 = Debug|Any CPU
		{1627CC6D-D846-4A89-B157-34AB93DEAA59}.Release|Any CPU.ActiveCfg = Release|Any CPU
		{1627CC6D-D846-4A89-B157-34AB93DEAA59}.Release|Any CPU.Build.0 = Release|Any CPU
		{6E6B581C-1211-49AE-9C9F-4E7A3236B5F5}.Debug|Any CPU.ActiveCfg = Debug|Any CPU
		{6E6B581C-1211-49AE-9C9F-4E7A3236B5F5}.Debug|Any CPU.Build.0 = Debug|Any CPU
		{6E6B581C-1211-49AE-9C9F-4E7A3236B5F5}.Release|Any CPU.ActiveCfg = Release|Any CPU
		{6E6B581C-1211-49AE-9C9F-4E7A3236B5F5}.Release|Any CPU.Build.0 = Release|Any CPU
		{8958504E-247C-4CFF-A999-47BECCCB3975}.Debug|Any CPU.ActiveCfg = Debug|Any CPU
		{8958504E-247C-4CFF-A999-47BECCCB3975}.Debug|Any CPU.Build.0 = Debug|Any CPU
		{8958504E-247C-4CFF-A999-47BECCCB3975}.Release|Any CPU.ActiveCfg = Release|Any CPU
		{8958504E-247C-4CFF-A999-47BECCCB3975}.Release|Any CPU.Build.0 = Release|Any CPU
		{7227FC87-CF7D-4145-B56A-D703C59C3BA6}.Debug|Any CPU.ActiveCfg = Debug|Any CPU
		{7227FC87-CF7D-4145-B56A-D703C59C3BA6}.Debug|Any CPU.Build.0 = Debug|Any CPU
		{7227FC87-CF7D-4145-B56A-D703C59C3BA6}.Release|Any CPU.ActiveCfg = Release|Any CPU
		{7227FC87-CF7D-4145-B56A-D703C59C3BA6}.Release|Any CPU.Build.0 = Release|Any CPU
		{6F43385E-3F78-473D-9ECF-33DEAED2112A}.Debug|Any CPU.ActiveCfg = Debug|Any CPU
		{6F43385E-3F78-473D-9ECF-33DEAED2112A}.Debug|Any CPU.Build.0 = Debug|Any CPU
		{6F43385E-3F78-473D-9ECF-33DEAED2112A}.Release|Any CPU.ActiveCfg = Release|Any CPU
		{6F43385E-3F78-473D-9ECF-33DEAED2112A}.Release|Any CPU.Build.0 = Release|Any CPU
		{3D9A440A-9AC0-46A6-8AA7-73924B0F9010}.Debug|Any CPU.ActiveCfg = Debug|Any CPU
		{3D9A440A-9AC0-46A6-8AA7-73924B0F9010}.Debug|Any CPU.Build.0 = Debug|Any CPU
		{3D9A440A-9AC0-46A6-8AA7-73924B0F9010}.Release|Any CPU.ActiveCfg = Release|Any CPU
		{3D9A440A-9AC0-46A6-8AA7-73924B0F9010}.Release|Any CPU.Build.0 = Release|Any CPU
		{4BA50726-CB0B-4AB8-88AD-749BD090872D}.Debug|Any CPU.ActiveCfg = Debug|Any CPU
		{4BA50726-CB0B-4AB8-88AD-749BD090872D}.Debug|Any CPU.Build.0 = Debug|Any CPU
		{4BA50726-CB0B-4AB8-88AD-749BD090872D}.Release|Any CPU.ActiveCfg = Release|Any CPU
		{4BA50726-CB0B-4AB8-88AD-749BD090872D}.Release|Any CPU.Build.0 = Release|Any CPU
		{98C804B3-3939-46FD-BDBA-A11FDCD28853}.Debug|Any CPU.ActiveCfg = Debug|Any CPU
		{98C804B3-3939-46FD-BDBA-A11FDCD28853}.Debug|Any CPU.Build.0 = Debug|Any CPU
		{98C804B3-3939-46FD-BDBA-A11FDCD28853}.Release|Any CPU.ActiveCfg = Release|Any CPU
		{98C804B3-3939-46FD-BDBA-A11FDCD28853}.Release|Any CPU.Build.0 = Release|Any CPU
		{49C79F08-17F3-4F1C-9C4A-C34CF70CA825}.Debug|Any CPU.ActiveCfg = Debug|Any CPU
		{49C79F08-17F3-4F1C-9C4A-C34CF70CA825}.Debug|Any CPU.Build.0 = Debug|Any CPU
		{49C79F08-17F3-4F1C-9C4A-C34CF70CA825}.Release|Any CPU.ActiveCfg = Release|Any CPU
		{49C79F08-17F3-4F1C-9C4A-C34CF70CA825}.Release|Any CPU.Build.0 = Release|Any CPU
		{3B913B4F-7A61-42A6-9C04-577A2CDABF07}.Debug|Any CPU.ActiveCfg = Debug|Any CPU
		{3B913B4F-7A61-42A6-9C04-577A2CDABF07}.Debug|Any CPU.Build.0 = Debug|Any CPU
		{3B913B4F-7A61-42A6-9C04-577A2CDABF07}.Release|Any CPU.ActiveCfg = Release|Any CPU
		{3B913B4F-7A61-42A6-9C04-577A2CDABF07}.Release|Any CPU.Build.0 = Release|Any CPU
		{DE7E8346-C0DD-4529-A87B-2080FF06238B}.Debug|Any CPU.ActiveCfg = Debug|Any CPU
		{DE7E8346-C0DD-4529-A87B-2080FF06238B}.Debug|Any CPU.Build.0 = Debug|Any CPU
		{DE7E8346-C0DD-4529-A87B-2080FF06238B}.Release|Any CPU.ActiveCfg = Release|Any CPU
		{DE7E8346-C0DD-4529-A87B-2080FF06238B}.Release|Any CPU.Build.0 = Release|Any CPU
		{B86DA1B5-B657-4947-BFD1-2B6D037E394C}.Debug|Any CPU.ActiveCfg = Debug|Any CPU
		{B86DA1B5-B657-4947-BFD1-2B6D037E394C}.Debug|Any CPU.Build.0 = Debug|Any CPU
		{B86DA1B5-B657-4947-BFD1-2B6D037E394C}.Release|Any CPU.ActiveCfg = Release|Any CPU
		{B86DA1B5-B657-4947-BFD1-2B6D037E394C}.Release|Any CPU.Build.0 = Release|Any CPU
		{27D41621-AE76-4480-B4FA-ADA2D7A9F534}.Debug|Any CPU.ActiveCfg = Debug|Any CPU
		{27D41621-AE76-4480-B4FA-ADA2D7A9F534}.Debug|Any CPU.Build.0 = Debug|Any CPU
		{27D41621-AE76-4480-B4FA-ADA2D7A9F534}.Release|Any CPU.ActiveCfg = Release|Any CPU
		{27D41621-AE76-4480-B4FA-ADA2D7A9F534}.Release|Any CPU.Build.0 = Release|Any CPU
		{D35AC880-2F19-4252-B130-D6675C76DAEB}.Debug|Any CPU.ActiveCfg = Debug|Any CPU
		{D35AC880-2F19-4252-B130-D6675C76DAEB}.Debug|Any CPU.Build.0 = Debug|Any CPU
		{D35AC880-2F19-4252-B130-D6675C76DAEB}.Release|Any CPU.ActiveCfg = Release|Any CPU
		{D35AC880-2F19-4252-B130-D6675C76DAEB}.Release|Any CPU.Build.0 = Release|Any CPU
	EndGlobalSection
	GlobalSection(SolutionProperties) = preSolution
		HideSolutionNode = FALSE
	EndGlobalSection
	GlobalSection(NestedProjects) = preSolution
		{A03F9D3F-02C5-4B42-B926-8E5E6280BC89} = {2A0DF886-D8D5-4A99-9059-FB69E69C05EF}
		{FE9B1C15-9AE7-48D9-AEDA-9C782E2BF624} = {A03F9D3F-02C5-4B42-B926-8E5E6280BC89}
		{BC84EE79-F3C3-4FE4-9E0C-5234085818AA} = {A03F9D3F-02C5-4B42-B926-8E5E6280BC89}
		{50318FB5-DC9F-419A-99C6-AEC9678915B1} = {A03F9D3F-02C5-4B42-B926-8E5E6280BC89}
		{DE3ECD33-1141-41BF-859D-B65B1E082AEC} = {2A0DF886-D8D5-4A99-9059-FB69E69C05EF}
		{A4E71FF1-A10E-4E4D-B022-0D25D7B7DFAE} = {DE3ECD33-1141-41BF-859D-B65B1E082AEC}
		{1627CC6D-D846-4A89-B157-34AB93DEAA59} = {A4E71FF1-A10E-4E4D-B022-0D25D7B7DFAE}
		{C04CB98A-C092-469E-BD8A-1E6CE73D4C9E} = {DE3ECD33-1141-41BF-859D-B65B1E082AEC}
		{6E6B581C-1211-49AE-9C9F-4E7A3236B5F5} = {C04CB98A-C092-469E-BD8A-1E6CE73D4C9E}
		{8958504E-247C-4CFF-A999-47BECCCB3975} = {C04CB98A-C092-469E-BD8A-1E6CE73D4C9E}
		{9AB1F95C-EC29-4B1A-A9EF-98B005D58EFD} = {DE3ECD33-1141-41BF-859D-B65B1E082AEC}
		{7227FC87-CF7D-4145-B56A-D703C59C3BA6} = {9AB1F95C-EC29-4B1A-A9EF-98B005D58EFD}
		{6F43385E-3F78-473D-9ECF-33DEAED2112A} = {9AB1F95C-EC29-4B1A-A9EF-98B005D58EFD}
		{3D9A440A-9AC0-46A6-8AA7-73924B0F9010} = {9AB1F95C-EC29-4B1A-A9EF-98B005D58EFD}
		{4BA50726-CB0B-4AB8-88AD-749BD090872D} = {50318FB5-DC9F-419A-99C6-AEC9678915B1}
		{98C804B3-3939-46FD-BDBA-A11FDCD28853} = {50318FB5-DC9F-419A-99C6-AEC9678915B1}
		{49C79F08-17F3-4F1C-9C4A-C34CF70CA825} = {50318FB5-DC9F-419A-99C6-AEC9678915B1}
		{3B913B4F-7A61-42A6-9C04-577A2CDABF07} = {FE9B1C15-9AE7-48D9-AEDA-9C782E2BF624}
		{DE7E8346-C0DD-4529-A87B-2080FF06238B} = {FE9B1C15-9AE7-48D9-AEDA-9C782E2BF624}
		{B86DA1B5-B657-4947-BFD1-2B6D037E394C} = {FE9B1C15-9AE7-48D9-AEDA-9C782E2BF624}
		{27D41621-AE76-4480-B4FA-ADA2D7A9F534} = {FE9B1C15-9AE7-48D9-AEDA-9C782E2BF624}
		{D35AC880-2F19-4252-B130-D6675C76DAEB} = {FE9B1C15-9AE7-48D9-AEDA-9C782E2BF624}
	EndGlobalSection
	GlobalSection(ExtensibilityGlobals) = postSolution
		SolutionGuid = {1F90090F-1BD2-4BC7-A72A-FFDC0C01E8F5}
	EndGlobalSection
EndGlobal
