
Microsoft Visual Studio Solution File, Format Version 12.00
# Visual Studio Version 16
VisualStudioVersion = 16.0.30413.136
MinimumVisualStudioVersion = 15.0.26124.0
Project("{2150E333-8FDC-42A3-9474-1A3956D46DE8}") = "src", "src", "{EB31F3BE-2CB7-4C42-8E35-FF97075ECB4E}"
EndProject
Project("{9A19103F-16F7-4668-BE54-9A1E7A4F7556}") = "SaeedRezayi.DomainClasses", "src\SaeedRezayi.DomainClasses\SaeedRezayi.DomainClasses.csproj", "{34852B0F-2494-43F0-B120-8918D0A97DD7}"
EndProject
Project("{9A19103F-16F7-4668-BE54-9A1E7A4F7556}") = "SaeedRezayi.Services", "src\SaeedRezayi.Services\SaeedRezayi.Services.csproj", "{1E8CD7AD-C3DD-4346-A203-755C25204A9B}"
EndProject
Project("{9A19103F-16F7-4668-BE54-9A1E7A4F7556}") = "SaeedRezayi.Api", "src\SaeedRezayi.Api\SaeedRezayi.Api.csproj", "{D98CDC18-543B-48C5-8B59-76E398F3E08F}"
EndProject
Project("{9A19103F-16F7-4668-BE54-9A1E7A4F7556}") = "SaeedRezayi.DataLayer", "src\SaeedRezayi.DataLayer\SaeedRezayi.DataLayer.csproj", "{75DD2312-9B4F-497A-9FBE-8377C51B1E79}"
EndProject
Project("{9A19103F-16F7-4668-BE54-9A1E7A4F7556}") = "SaeedRezayi.Common", "src\SaeedRezayi.Common\SaeedRezayi.Common.csproj", "{34E2F813-5901-4069-9515-BFEB39DE3222}"
EndProject
Project("{9A19103F-16F7-4668-BE54-9A1E7A4F7556}") = "SaeedRezayi.ConsoleClient", "src\SaeedRezayi.ConsoleClient\SaeedRezayi.ConsoleClient.csproj", "{47536CB0-1B7E-4089-AFBF-D7C55A6076EC}"
EndProject
Project("{9A19103F-16F7-4668-BE54-9A1E7A4F7556}") = "SaeedRezayi.IoCConfig", "src\SaeedRezayi.IoCConfig\SaeedRezayi.IoCConfig.csproj", "{9C3184B8-F3AC-4ED9-A352-C861AF264461}"
EndProject
Project("{2150E333-8FDC-42A3-9474-1A3956D46DE8}") = "Tests", "Tests", "{A4CE3AA5-F5A4-4012-9096-3B82EB6285E7}"
EndProject
Project("{2150E333-8FDC-42A3-9474-1A3956D46DE8}") = "Business", "Business", "{86C3B17C-6127-4668-A373-28921A9D48F6}"
EndProject
Project("{2150E333-8FDC-42A3-9474-1A3956D46DE8}") = "Presentation", "Presentation", "{77F6A36B-0CB6-4F52-8F5A-3E07A9454790}"
EndProject
Project("{2150E333-8FDC-42A3-9474-1A3956D46DE8}") = "Data", "Data", "{B7E3D041-662E-43A7-B36C-A24E6D52D8DB}"
EndProject
Project("{2150E333-8FDC-42A3-9474-1A3956D46DE8}") = "Infrastructure", "Infrastructure", "{5BE6280B-7E71-462D-B2E7-0DB5CD36A7B5}"
EndProject
Project("{9A19103F-16F7-4668-BE54-9A1E7A4F7556}") = "SaeedRezayi.ViewModels", "src\SaeedRezayi.ViewModels\SaeedRezayi.ViewModels.csproj", "{2ACA3AFB-9F87-4B23-9BE6-D92FBCC0E906}"
EndProject
Project("{9A19103F-16F7-4668-BE54-9A1E7A4F7556}") = "SaeedRezayi.XuntiTestLayer", "src\SaeedRezayi.XuntiTestLayer\SaeedRezayi.XuntiTestLayer.csproj", "{0EC11F2E-9807-4E26-ACD0-0D3FEBF7F4CA}"
EndProject
Project("{9A19103F-16F7-4668-BE54-9A1E7A4F7556}") = "SaeedRezayi.IntegrationTests", "src\SaeedRezayi.IntegrationTests\SaeedRezayi.IntegrationTests.csproj", "{C614BEEA-F5CF-472E-B41C-F81E375E067A}"
EndProject
Project("{9A19103F-16F7-4668-BE54-9A1E7A4F7556}") = "SaeedRezayi.LogModule", "src\SaeedRezayi.LogModule\SaeedRezayi.LogModule.csproj", "{4CA5B1FB-CE4A-40B5-BB32-B79522048D80}"
EndProject
Project("{2150E333-8FDC-42A3-9474-1A3956D46DE8}") = "Solution Items", "Solution Items", "{1CF454CA-F0A0-4F48-919E-B58CDF8F94F5}"
	ProjectSection(SolutionItems) = preProject
		.editorconfig = .editorconfig
		global.json = global.json
	EndProjectSection
EndProject
Project("{9A19103F-16F7-4668-BE54-9A1E7A4F7556}") = "SaeedRezayi.Benchmark", "SaeedRezayi.Benchmark\SaeedRezayi.Benchmark.csproj", "{C07D8E37-7872-430C-A467-284DF0F8EDB3}"
EndProject
Project("{9A19103F-16F7-4668-BE54-9A1E7A4F7556}") = "SaeedRezayi.Logics", "src\SaeedRezayi.Logics\SaeedRezayi.Logics.csproj", "{7C514548-AD74-44EF-98CA-278EBFD32049}"
EndProject
Global
	GlobalSection(SolutionConfigurationPlatforms) = preSolution
		Debug|Any CPU = Debug|Any CPU
		Debug|x64 = Debug|x64
		Debug|x86 = Debug|x86
		Release|Any CPU = Release|Any CPU
		Release|x64 = Release|x64
		Release|x86 = Release|x86
	EndGlobalSection
	GlobalSection(ProjectConfigurationPlatforms) = postSolution
		{34852B0F-2494-43F0-B120-8918D0A97DD7}.Debug|Any CPU.ActiveCfg = Debug|Any CPU
		{34852B0F-2494-43F0-B120-8918D0A97DD7}.Debug|Any CPU.Build.0 = Debug|Any CPU
		{34852B0F-2494-43F0-B120-8918D0A97DD7}.Debug|x64.ActiveCfg = Debug|Any CPU
		{34852B0F-2494-43F0-B120-8918D0A97DD7}.Debug|x64.Build.0 = Debug|Any CPU
		{34852B0F-2494-43F0-B120-8918D0A97DD7}.Debug|x86.ActiveCfg = Debug|Any CPU
		{34852B0F-2494-43F0-B120-8918D0A97DD7}.Debug|x86.Build.0 = Debug|Any CPU
		{34852B0F-2494-43F0-B120-8918D0A97DD7}.Release|Any CPU.ActiveCfg = Release|Any CPU
		{34852B0F-2494-43F0-B120-8918D0A97DD7}.Release|Any CPU.Build.0 = Release|Any CPU
		{34852B0F-2494-43F0-B120-8918D0A97DD7}.Release|x64.ActiveCfg = Release|Any CPU
		{34852B0F-2494-43F0-B120-8918D0A97DD7}.Release|x64.Build.0 = Release|Any CPU
		{34852B0F-2494-43F0-B120-8918D0A97DD7}.Release|x86.ActiveCfg = Release|Any CPU
		{34852B0F-2494-43F0-B120-8918D0A97DD7}.Release|x86.Build.0 = Release|Any CPU
		{1E8CD7AD-C3DD-4346-A203-755C25204A9B}.Debug|Any CPU.ActiveCfg = Debug|Any CPU
		{1E8CD7AD-C3DD-4346-A203-755C25204A9B}.Debug|Any CPU.Build.0 = Debug|Any CPU
		{1E8CD7AD-C3DD-4346-A203-755C25204A9B}.Debug|x64.ActiveCfg = Debug|Any CPU
		{1E8CD7AD-C3DD-4346-A203-755C25204A9B}.Debug|x64.Build.0 = Debug|Any CPU
		{1E8CD7AD-C3DD-4346-A203-755C25204A9B}.Debug|x86.ActiveCfg = Debug|Any CPU
		{1E8CD7AD-C3DD-4346-A203-755C25204A9B}.Debug|x86.Build.0 = Debug|Any CPU
		{1E8CD7AD-C3DD-4346-A203-755C25204A9B}.Release|Any CPU.ActiveCfg = Release|Any CPU
		{1E8CD7AD-C3DD-4346-A203-755C25204A9B}.Release|Any CPU.Build.0 = Release|Any CPU
		{1E8CD7AD-C3DD-4346-A203-755C25204A9B}.Release|x64.ActiveCfg = Release|Any CPU
		{1E8CD7AD-C3DD-4346-A203-755C25204A9B}.Release|x64.Build.0 = Release|Any CPU
		{1E8CD7AD-C3DD-4346-A203-755C25204A9B}.Release|x86.ActiveCfg = Release|Any CPU
		{1E8CD7AD-C3DD-4346-A203-755C25204A9B}.Release|x86.Build.0 = Release|Any CPU
		{D98CDC18-543B-48C5-8B59-76E398F3E08F}.Debug|Any CPU.ActiveCfg = Debug|Any CPU
		{D98CDC18-543B-48C5-8B59-76E398F3E08F}.Debug|Any CPU.Build.0 = Debug|Any CPU
		{D98CDC18-543B-48C5-8B59-76E398F3E08F}.Debug|x64.ActiveCfg = Debug|Any CPU
		{D98CDC18-543B-48C5-8B59-76E398F3E08F}.Debug|x64.Build.0 = Debug|Any CPU
		{D98CDC18-543B-48C5-8B59-76E398F3E08F}.Debug|x86.ActiveCfg = Debug|Any CPU
		{D98CDC18-543B-48C5-8B59-76E398F3E08F}.Debug|x86.Build.0 = Debug|Any CPU
		{D98CDC18-543B-48C5-8B59-76E398F3E08F}.Release|Any CPU.ActiveCfg = Release|Any CPU
		{D98CDC18-543B-48C5-8B59-76E398F3E08F}.Release|Any CPU.Build.0 = Release|Any CPU
		{D98CDC18-543B-48C5-8B59-76E398F3E08F}.Release|x64.ActiveCfg = Release|Any CPU
		{D98CDC18-543B-48C5-8B59-76E398F3E08F}.Release|x64.Build.0 = Release|Any CPU
		{D98CDC18-543B-48C5-8B59-76E398F3E08F}.Release|x86.ActiveCfg = Release|Any CPU
		{D98CDC18-543B-48C5-8B59-76E398F3E08F}.Release|x86.Build.0 = Release|Any CPU
		{75DD2312-9B4F-497A-9FBE-8377C51B1E79}.Debug|Any CPU.ActiveCfg = Debug|Any CPU
		{75DD2312-9B4F-497A-9FBE-8377C51B1E79}.Debug|Any CPU.Build.0 = Debug|Any CPU
		{75DD2312-9B4F-497A-9FBE-8377C51B1E79}.Debug|x64.ActiveCfg = Debug|Any CPU
		{75DD2312-9B4F-497A-9FBE-8377C51B1E79}.Debug|x64.Build.0 = Debug|Any CPU
		{75DD2312-9B4F-497A-9FBE-8377C51B1E79}.Debug|x86.ActiveCfg = Debug|Any CPU
		{75DD2312-9B4F-497A-9FBE-8377C51B1E79}.Debug|x86.Build.0 = Debug|Any CPU
		{75DD2312-9B4F-497A-9FBE-8377C51B1E79}.Release|Any CPU.ActiveCfg = Release|Any CPU
		{75DD2312-9B4F-497A-9FBE-8377C51B1E79}.Release|Any CPU.Build.0 = Release|Any CPU
		{75DD2312-9B4F-497A-9FBE-8377C51B1E79}.Release|x64.ActiveCfg = Release|Any CPU
		{75DD2312-9B4F-497A-9FBE-8377C51B1E79}.Release|x64.Build.0 = Release|Any CPU
		{75DD2312-9B4F-497A-9FBE-8377C51B1E79}.Release|x86.ActiveCfg = Release|Any CPU
		{75DD2312-9B4F-497A-9FBE-8377C51B1E79}.Release|x86.Build.0 = Release|Any CPU
		{34E2F813-5901-4069-9515-BFEB39DE3222}.Debug|Any CPU.ActiveCfg = Debug|Any CPU
		{34E2F813-5901-4069-9515-BFEB39DE3222}.Debug|Any CPU.Build.0 = Debug|Any CPU
		{34E2F813-5901-4069-9515-BFEB39DE3222}.Debug|x64.ActiveCfg = Debug|Any CPU
		{34E2F813-5901-4069-9515-BFEB39DE3222}.Debug|x64.Build.0 = Debug|Any CPU
		{34E2F813-5901-4069-9515-BFEB39DE3222}.Debug|x86.ActiveCfg = Debug|Any CPU
		{34E2F813-5901-4069-9515-BFEB39DE3222}.Debug|x86.Build.0 = Debug|Any CPU
		{34E2F813-5901-4069-9515-BFEB39DE3222}.Release|Any CPU.ActiveCfg = Release|Any CPU
		{34E2F813-5901-4069-9515-BFEB39DE3222}.Release|Any CPU.Build.0 = Release|Any CPU
		{34E2F813-5901-4069-9515-BFEB39DE3222}.Release|x64.ActiveCfg = Release|Any CPU
		{34E2F813-5901-4069-9515-BFEB39DE3222}.Release|x64.Build.0 = Release|Any CPU
		{34E2F813-5901-4069-9515-BFEB39DE3222}.Release|x86.ActiveCfg = Release|Any CPU
		{34E2F813-5901-4069-9515-BFEB39DE3222}.Release|x86.Build.0 = Release|Any CPU
		{47536CB0-1B7E-4089-AFBF-D7C55A6076EC}.Debug|Any CPU.ActiveCfg = Debug|Any CPU
		{47536CB0-1B7E-4089-AFBF-D7C55A6076EC}.Debug|Any CPU.Build.0 = Debug|Any CPU
		{47536CB0-1B7E-4089-AFBF-D7C55A6076EC}.Debug|x64.ActiveCfg = Debug|Any CPU
		{47536CB0-1B7E-4089-AFBF-D7C55A6076EC}.Debug|x64.Build.0 = Debug|Any CPU
		{47536CB0-1B7E-4089-AFBF-D7C55A6076EC}.Debug|x86.ActiveCfg = Debug|Any CPU
		{47536CB0-1B7E-4089-AFBF-D7C55A6076EC}.Debug|x86.Build.0 = Debug|Any CPU
		{47536CB0-1B7E-4089-AFBF-D7C55A6076EC}.Release|Any CPU.ActiveCfg = Release|Any CPU
		{47536CB0-1B7E-4089-AFBF-D7C55A6076EC}.Release|Any CPU.Build.0 = Release|Any CPU
		{47536CB0-1B7E-4089-AFBF-D7C55A6076EC}.Release|x64.ActiveCfg = Release|Any CPU
		{47536CB0-1B7E-4089-AFBF-D7C55A6076EC}.Release|x64.Build.0 = Release|Any CPU
		{47536CB0-1B7E-4089-AFBF-D7C55A6076EC}.Release|x86.ActiveCfg = Release|Any CPU
		{47536CB0-1B7E-4089-AFBF-D7C55A6076EC}.Release|x86.Build.0 = Release|Any CPU
		{9C3184B8-F3AC-4ED9-A352-C861AF264461}.Debug|Any CPU.ActiveCfg = Debug|Any CPU
		{9C3184B8-F3AC-4ED9-A352-C861AF264461}.Debug|Any CPU.Build.0 = Debug|Any CPU
		{9C3184B8-F3AC-4ED9-A352-C861AF264461}.Debug|x64.ActiveCfg = Debug|Any CPU
		{9C3184B8-F3AC-4ED9-A352-C861AF264461}.Debug|x64.Build.0 = Debug|Any CPU
		{9C3184B8-F3AC-4ED9-A352-C861AF264461}.Debug|x86.ActiveCfg = Debug|Any CPU
		{9C3184B8-F3AC-4ED9-A352-C861AF264461}.Debug|x86.Build.0 = Debug|Any CPU
		{9C3184B8-F3AC-4ED9-A352-C861AF264461}.Release|Any CPU.ActiveCfg = Release|Any CPU
		{9C3184B8-F3AC-4ED9-A352-C861AF264461}.Release|Any CPU.Build.0 = Release|Any CPU
		{9C3184B8-F3AC-4ED9-A352-C861AF264461}.Release|x64.ActiveCfg = Release|Any CPU
		{9C3184B8-F3AC-4ED9-A352-C861AF264461}.Release|x64.Build.0 = Release|Any CPU
		{9C3184B8-F3AC-4ED9-A352-C861AF264461}.Release|x86.ActiveCfg = Release|Any CPU
		{9C3184B8-F3AC-4ED9-A352-C861AF264461}.Release|x86.Build.0 = Release|Any CPU
		{2ACA3AFB-9F87-4B23-9BE6-D92FBCC0E906}.Debug|Any CPU.ActiveCfg = Debug|Any CPU
		{2ACA3AFB-9F87-4B23-9BE6-D92FBCC0E906}.Debug|Any CPU.Build.0 = Debug|Any CPU
		{2ACA3AFB-9F87-4B23-9BE6-D92FBCC0E906}.Debug|x64.ActiveCfg = Debug|Any CPU
		{2ACA3AFB-9F87-4B23-9BE6-D92FBCC0E906}.Debug|x64.Build.0 = Debug|Any CPU
		{2ACA3AFB-9F87-4B23-9BE6-D92FBCC0E906}.Debug|x86.ActiveCfg = Debug|Any CPU
		{2ACA3AFB-9F87-4B23-9BE6-D92FBCC0E906}.Debug|x86.Build.0 = Debug|Any CPU
		{2ACA3AFB-9F87-4B23-9BE6-D92FBCC0E906}.Release|Any CPU.ActiveCfg = Release|Any CPU
		{2ACA3AFB-9F87-4B23-9BE6-D92FBCC0E906}.Release|Any CPU.Build.0 = Release|Any CPU
		{2ACA3AFB-9F87-4B23-9BE6-D92FBCC0E906}.Release|x64.ActiveCfg = Release|Any CPU
		{2ACA3AFB-9F87-4B23-9BE6-D92FBCC0E906}.Release|x64.Build.0 = Release|Any CPU
		{2ACA3AFB-9F87-4B23-9BE6-D92FBCC0E906}.Release|x86.ActiveCfg = Release|Any CPU
		{2ACA3AFB-9F87-4B23-9BE6-D92FBCC0E906}.Release|x86.Build.0 = Release|Any CPU
		{0EC11F2E-9807-4E26-ACD0-0D3FEBF7F4CA}.Debug|Any CPU.ActiveCfg = Debug|Any CPU
		{0EC11F2E-9807-4E26-ACD0-0D3FEBF7F4CA}.Debug|Any CPU.Build.0 = Debug|Any CPU
		{0EC11F2E-9807-4E26-ACD0-0D3FEBF7F4CA}.Debug|x64.ActiveCfg = Debug|Any CPU
		{0EC11F2E-9807-4E26-ACD0-0D3FEBF7F4CA}.Debug|x64.Build.0 = Debug|Any CPU
		{0EC11F2E-9807-4E26-ACD0-0D3FEBF7F4CA}.Debug|x86.ActiveCfg = Debug|Any CPU
		{0EC11F2E-9807-4E26-ACD0-0D3FEBF7F4CA}.Debug|x86.Build.0 = Debug|Any CPU
		{0EC11F2E-9807-4E26-ACD0-0D3FEBF7F4CA}.Release|Any CPU.ActiveCfg = Release|Any CPU
		{0EC11F2E-9807-4E26-ACD0-0D3FEBF7F4CA}.Release|Any CPU.Build.0 = Release|Any CPU
		{0EC11F2E-9807-4E26-ACD0-0D3FEBF7F4CA}.Release|x64.ActiveCfg = Release|Any CPU
		{0EC11F2E-9807-4E26-ACD0-0D3FEBF7F4CA}.Release|x64.Build.0 = Release|Any CPU
		{0EC11F2E-9807-4E26-ACD0-0D3FEBF7F4CA}.Release|x86.ActiveCfg = Release|Any CPU
		{0EC11F2E-9807-4E26-ACD0-0D3FEBF7F4CA}.Release|x86.Build.0 = Release|Any CPU
		{C614BEEA-F5CF-472E-B41C-F81E375E067A}.Debug|Any CPU.ActiveCfg = Debug|Any CPU
		{C614BEEA-F5CF-472E-B41C-F81E375E067A}.Debug|Any CPU.Build.0 = Debug|Any CPU
		{C614BEEA-F5CF-472E-B41C-F81E375E067A}.Debug|x64.ActiveCfg = Debug|Any CPU
		{C614BEEA-F5CF-472E-B41C-F81E375E067A}.Debug|x64.Build.0 = Debug|Any CPU
		{C614BEEA-F5CF-472E-B41C-F81E375E067A}.Debug|x86.ActiveCfg = Debug|Any CPU
		{C614BEEA-F5CF-472E-B41C-F81E375E067A}.Debug|x86.Build.0 = Debug|Any CPU
		{C614BEEA-F5CF-472E-B41C-F81E375E067A}.Release|Any CPU.ActiveCfg = Release|Any CPU
		{C614BEEA-F5CF-472E-B41C-F81E375E067A}.Release|Any CPU.Build.0 = Release|Any CPU
		{C614BEEA-F5CF-472E-B41C-F81E375E067A}.Release|x64.ActiveCfg = Release|Any CPU
		{C614BEEA-F5CF-472E-B41C-F81E375E067A}.Release|x64.Build.0 = Release|Any CPU
		{C614BEEA-F5CF-472E-B41C-F81E375E067A}.Release|x86.ActiveCfg = Release|Any CPU
		{C614BEEA-F5CF-472E-B41C-F81E375E067A}.Release|x86.Build.0 = Release|Any CPU
		{4CA5B1FB-CE4A-40B5-BB32-B79522048D80}.Debug|Any CPU.ActiveCfg = Debug|Any CPU
		{4CA5B1FB-CE4A-40B5-BB32-B79522048D80}.Debug|Any CPU.Build.0 = Debug|Any CPU
		{4CA5B1FB-CE4A-40B5-BB32-B79522048D80}.Debug|x64.ActiveCfg = Debug|Any CPU
		{4CA5B1FB-CE4A-40B5-BB32-B79522048D80}.Debug|x64.Build.0 = Debug|Any CPU
		{4CA5B1FB-CE4A-40B5-BB32-B79522048D80}.Debug|x86.ActiveCfg = Debug|Any CPU
		{4CA5B1FB-CE4A-40B5-BB32-B79522048D80}.Debug|x86.Build.0 = Debug|Any CPU
		{4CA5B1FB-CE4A-40B5-BB32-B79522048D80}.Release|Any CPU.ActiveCfg = Release|Any CPU
		{4CA5B1FB-CE4A-40B5-BB32-B79522048D80}.Release|Any CPU.Build.0 = Release|Any CPU
		{4CA5B1FB-CE4A-40B5-BB32-B79522048D80}.Release|x64.ActiveCfg = Release|Any CPU
		{4CA5B1FB-CE4A-40B5-BB32-B79522048D80}.Release|x64.Build.0 = Release|Any CPU
		{4CA5B1FB-CE4A-40B5-BB32-B79522048D80}.Release|x86.ActiveCfg = Release|Any CPU
		{4CA5B1FB-CE4A-40B5-BB32-B79522048D80}.Release|x86.Build.0 = Release|Any CPU
		{C07D8E37-7872-430C-A467-284DF0F8EDB3}.Debug|Any CPU.ActiveCfg = Debug|Any CPU
		{C07D8E37-7872-430C-A467-284DF0F8EDB3}.Debug|Any CPU.Build.0 = Debug|Any CPU
		{C07D8E37-7872-430C-A467-284DF0F8EDB3}.Debug|x64.ActiveCfg = Debug|Any CPU
		{C07D8E37-7872-430C-A467-284DF0F8EDB3}.Debug|x64.Build.0 = Debug|Any CPU
		{C07D8E37-7872-430C-A467-284DF0F8EDB3}.Debug|x86.ActiveCfg = Debug|Any CPU
		{C07D8E37-7872-430C-A467-284DF0F8EDB3}.Debug|x86.Build.0 = Debug|Any CPU
		{C07D8E37-7872-430C-A467-284DF0F8EDB3}.Release|Any CPU.ActiveCfg = Release|Any CPU
		{C07D8E37-7872-430C-A467-284DF0F8EDB3}.Release|Any CPU.Build.0 = Release|Any CPU
		{C07D8E37-7872-430C-A467-284DF0F8EDB3}.Release|x64.ActiveCfg = Release|Any CPU
		{C07D8E37-7872-430C-A467-284DF0F8EDB3}.Release|x64.Build.0 = Release|Any CPU
		{C07D8E37-7872-430C-A467-284DF0F8EDB3}.Release|x86.ActiveCfg = Release|Any CPU
		{C07D8E37-7872-430C-A467-284DF0F8EDB3}.Release|x86.Build.0 = Release|Any CPU
		{7C514548-AD74-44EF-98CA-278EBFD32049}.Debug|Any CPU.ActiveCfg = Debug|Any CPU
		{7C514548-AD74-44EF-98CA-278EBFD32049}.Debug|Any CPU.Build.0 = Debug|Any CPU
		{7C514548-AD74-44EF-98CA-278EBFD32049}.Debug|x64.ActiveCfg = Debug|Any CPU
		{7C514548-AD74-44EF-98CA-278EBFD32049}.Debug|x64.Build.0 = Debug|Any CPU
		{7C514548-AD74-44EF-98CA-278EBFD32049}.Debug|x86.ActiveCfg = Debug|Any CPU
		{7C514548-AD74-44EF-98CA-278EBFD32049}.Debug|x86.Build.0 = Debug|Any CPU
		{7C514548-AD74-44EF-98CA-278EBFD32049}.Release|Any CPU.ActiveCfg = Release|Any CPU
		{7C514548-AD74-44EF-98CA-278EBFD32049}.Release|Any CPU.Build.0 = Release|Any CPU
		{7C514548-AD74-44EF-98CA-278EBFD32049}.Release|x64.ActiveCfg = Release|Any CPU
		{7C514548-AD74-44EF-98CA-278EBFD32049}.Release|x64.Build.0 = Release|Any CPU
		{7C514548-AD74-44EF-98CA-278EBFD32049}.Release|x86.ActiveCfg = Release|Any CPU
		{7C514548-AD74-44EF-98CA-278EBFD32049}.Release|x86.Build.0 = Release|Any CPU
	EndGlobalSection
	GlobalSection(SolutionProperties) = preSolution
		HideSolutionNode = FALSE
	EndGlobalSection
	GlobalSection(NestedProjects) = preSolution
		{34852B0F-2494-43F0-B120-8918D0A97DD7} = {B7E3D041-662E-43A7-B36C-A24E6D52D8DB}
		{1E8CD7AD-C3DD-4346-A203-755C25204A9B} = {86C3B17C-6127-4668-A373-28921A9D48F6}
		{D98CDC18-543B-48C5-8B59-76E398F3E08F} = {77F6A36B-0CB6-4F52-8F5A-3E07A9454790}
		{75DD2312-9B4F-497A-9FBE-8377C51B1E79} = {B7E3D041-662E-43A7-B36C-A24E6D52D8DB}
		{34E2F813-5901-4069-9515-BFEB39DE3222} = {5BE6280B-7E71-462D-B2E7-0DB5CD36A7B5}
		{47536CB0-1B7E-4089-AFBF-D7C55A6076EC} = {A4CE3AA5-F5A4-4012-9096-3B82EB6285E7}
		{9C3184B8-F3AC-4ED9-A352-C861AF264461} = {5BE6280B-7E71-462D-B2E7-0DB5CD36A7B5}
		{A4CE3AA5-F5A4-4012-9096-3B82EB6285E7} = {EB31F3BE-2CB7-4C42-8E35-FF97075ECB4E}
		{86C3B17C-6127-4668-A373-28921A9D48F6} = {EB31F3BE-2CB7-4C42-8E35-FF97075ECB4E}
		{77F6A36B-0CB6-4F52-8F5A-3E07A9454790} = {EB31F3BE-2CB7-4C42-8E35-FF97075ECB4E}
		{B7E3D041-662E-43A7-B36C-A24E6D52D8DB} = {EB31F3BE-2CB7-4C42-8E35-FF97075ECB4E}
		{5BE6280B-7E71-462D-B2E7-0DB5CD36A7B5} = {EB31F3BE-2CB7-4C42-8E35-FF97075ECB4E}
		{2ACA3AFB-9F87-4B23-9BE6-D92FBCC0E906} = {77F6A36B-0CB6-4F52-8F5A-3E07A9454790}
		{0EC11F2E-9807-4E26-ACD0-0D3FEBF7F4CA} = {A4CE3AA5-F5A4-4012-9096-3B82EB6285E7}
		{C614BEEA-F5CF-472E-B41C-F81E375E067A} = {A4CE3AA5-F5A4-4012-9096-3B82EB6285E7}
		{4CA5B1FB-CE4A-40B5-BB32-B79522048D80} = {B7E3D041-662E-43A7-B36C-A24E6D52D8DB}
		{C07D8E37-7872-430C-A467-284DF0F8EDB3} = {A4CE3AA5-F5A4-4012-9096-3B82EB6285E7}
		{7C514548-AD74-44EF-98CA-278EBFD32049} = {86C3B17C-6127-4668-A373-28921A9D48F6}
	EndGlobalSection
	GlobalSection(ExtensibilityGlobals) = postSolution
		SolutionGuid = {1F90090F-1BD2-4BC7-A72A-FFDC0C01E8F5}
	EndGlobalSection
EndGlobal
